<?xml version="1.0" encoding="utf-8"?>
<Project ToolsVersion="4.0" xmlns="http://schemas.microsoft.com/developer/msbuild/2003">
  <ItemGroup>
    <Filter Include="资源文件">
      <UniqueIdentifier>{67DA6AB6-F800-4c08-8B7A-83BB121AAD01}</UniqueIdentifier>
      <Extensions>rc;ico;cur;bmp;dlg;rc2;rct;bin;rgs;gif;jpg;jpeg;jpe;resx;tiff;tif;png;wav;mfcribbon-ms</Extensions>
    </Filter>
    <Filter Include="Source">
      <UniqueIdentifier>{4591c3a2-0cab-4b36-90a8-3a80806b7e76}</UniqueIdentifier>
    </Filter>
    <Filter Include="Source\Ray">
      <UniqueIdentifier>{5c9c1512-a519-420d-934a-21201d0fdd5f}</UniqueIdentifier>
    </Filter>
    <Filter Include="Source\Vector">
      <UniqueIdentifier>{f6ae81d8-18c5-456f-95a8-5cf610f1aca8}</UniqueIdentifier>
    </Filter>
  </ItemGroup>
  <ItemGroup>
    <ClInclude Include="Source\Main.h">
      <Filter>Source</Filter>
    </ClInclude>
    <ClInclude Include="Source\Ray\Ray.h">
      <Filter>Source\Ray</Filter>
    </ClInclude>
    <ClInclude Include="Source\Vector\Vector.h">
      <Filter>Source\Vector</Filter>
    </ClInclude>
  </ItemGroup>
  <ItemGroup>
    <ClCompile Include="Source\Main.cpp">
      <Filter>Source</Filter>
    </ClCompile>
    <ClCompile Include="Source\Ray\Ray.cpp">
      <Filter>Source\Ray</Filter>
    </ClCompile>
    <ClCompile Include="Source\Vector\Vector.cpp">
      <Filter>Source\Vector</Filter>
    </ClCompile>
  </ItemGroup>
</Project>